
Microsoft Visual Studio Solution File, Format Version 12.00
# Visual Studio Version 17
VisualStudioVersion = 17.11.35222.181
MinimumVisualStudioVersion = 10.0.40219.1
Project("{FAE04EC0-301F-11D3-BF4B-00C04F79EFBC}") = "FociWebapp", "FociWebapp.csproj", "{BCA2C3B6-923F-4330-AEE9-A5B1BF949444}"
EndProject
Global
	GlobalSection(SolutionConfigurationPlatforms) = preSolution
		Debug|Any CPU = Debug|Any CPU
		Release|Any CPU = Release|Any CPU
	EndGlobalSection
	GlobalSection(ProjectConfigurationPlatforms) = postSolution
		{BCA2C3B6-923F-4330-AEE9-A5B1BF949444}.Debug|Any CPU.ActiveCfg = Debug|Any CPU
		{BCA2C3B6-923F-4330-AEE9-A5B1BF949444}.Debug|Any CPU.Build.0 = Debug|Any CPU
		{BCA2C3B6-923F-4330-AEE9-A5B1BF949444}.Release|Any CPU.ActiveCfg = Release|Any CPU
		{BCA2C3B6-923F-4330-AEE9-A5B1BF949444}.Release|Any CPU.Build.0 = Release|Any CPU
	EndGlobalSection
	GlobalSection(SolutionProperties) = preSolution
		HideSolutionNode = FALSE
	EndGlobalSection
	GlobalSection(ExtensibilityGlobals) = postSolution
		SolutionGuid = {6DB48B56-B4D0-4A91-99A9-8864A97175EE}
	EndGlobalSection
EndGlobal
